{
  "requires": true,
  "lockfileVersion": 1,
  "dependencies": {
    "bootstrap-sass": {
      "version": "3.3.7",
      "resolved": "https://registry.npmjs.org/bootstrap-sass/-/bootstrap-sass-3.3.7.tgz",
      "integrity": "sha1-ZZbHq0D2Y3OTMjqwvIDQZPxjBJg="
    },
    "normalize-scss": {
      "version": "3.0.3",
      "resolved": "https://registry.npmjs.org/normalize-scss/-/normalize-scss-3.0.3.tgz",
      "integrity": "sha1-PvjkLbvzAKbgLKNGq1FE/bVBp7M="
    }
  }
}
